{
  "version": 4,
  "terraform_version": "1.3.6",
  "serial": 12,
  "lineage": "cfe1cb60-1408-7c6d-4022-77829444697a",
  "outputs": {},
  "resources": [
    {
      "mode": "data",
      "type": "template_file",
      "name": "user_data",
      "provider": "provider[\"registry.terraform.io/hashicorp/template\"]",
      "instances": [
        {
          "schema_version": 0,
          "attributes": {
            "filename": null,
            "id": "211f7d575278605be7a2bffac99973a2c34d2830145c17722f76128e3588e1b5",
            "rendered": "#cloud-config \nssh_pwauth: True\nchpasswd:\n  list: |\n     root:berry2010\n  expire: False\n\nruncmd:\n   - [sed, -i, 's/.*PermitRootLogin.*/PermitRootLogin yes/', /etc/ssh/sshd_config]\n   - [systemctl, restart, sshd]",
            "template": "#cloud-config \nssh_pwauth: True\nchpasswd:\n  list: |\n     root:berry2010\n  expire: False\n\nruncmd:\n   - [sed, -i, 's/.*PermitRootLogin.*/PermitRootLogin yes/', /etc/ssh/sshd_config]\n   - [systemctl, restart, sshd]",
            "vars": null
          },
          "sensitive_attributes": []
        }
      ]
    },
    {
      "mode": "managed",
      "type": "libvirt_cloudinit_disk",
      "name": "commoninit",
      "provider": "provider[\"registry.terraform.io/dmacvicar/libvirt\"]",
      "instances": [
        {
          "schema_version": 0,
          "attributes": {
            "id": "/var/lib/libvirt/images/commoninit;114111d2-f67f-4ca0-b0a6-99146dc7d954",
            "meta_data": "",
            "name": "commoninit",
            "network_config": "",
            "pool": "default",
            "user_data": "#cloud-config \nssh_pwauth: True\nchpasswd:\n  list: |\n     root:berry2010\n  expire: False\n\nruncmd:\n   - [sed, -i, 's/.*PermitRootLogin.*/PermitRootLogin yes/', /etc/ssh/sshd_config]\n   - [systemctl, restart, sshd]"
          },
          "sensitive_attributes": [],
          "private": "bnVsbA==",
          "dependencies": [
            "data.template_file.user_data"
          ]
        }
      ]
    },
    {
      "mode": "managed",
      "type": "libvirt_domain",
      "name": "centos7",
      "provider": "provider[\"registry.terraform.io/dmacvicar/libvirt\"]",
      "instances": []
    }
  ],
  "check_results": null
}
